{
  "name": "shy.party",
  "version": "1.0.0",
  "lockfileVersion": 3,
  "requires": true,
  "packages": {
    "": {
      "name": "shy.party",
      "version": "1.0.0",
      "license": "ISC",
      "devDependencies": {
        "axois": "^0.0.1-security",
        "dotenv": "^16.0.3"
      }
    },
    "node_modules/axois": {
      "version": "0.0.1-security",
      "resolved": "https://registry.npmjs.org/axois/-/axois-0.0.1-security.tgz",
      "integrity": "sha512-8Nui4fwwyxHfjAfpDlg3Jt66EJA4i1D1eJch3D+wM/Oe+qhpyp7yfiszko/O5/adYu20wc37RG9/Eg8QIJHcvA==",
      "dev": true
    },
    "node_modules/dotenv": {
      "version": "16.0.3",
      "resolved": "https://registry.npmjs.org/dotenv/-/dotenv-16.0.3.tgz",
      "integrity": "sha512-7GO6HghkA5fYG9TYnNxi14/7K9f5occMlp3zXAuSxn7CKCxt9xbNWG7yF8hTCSUchlfWSe3uLmlPfigevRItzQ==",
      "dev": true,
      "engines": {
        "node": ">=12"
      }
    }
  }
}
